
Microsoft Visual Studio Solution File, Format Version 12.00
# Visual Studio 15
VisualStudioVersion = 15.0.27004.2005
MinimumVisualStudioVersion = 10.0.40219.1
Project("{FAE04EC0-301F-11D3-BF4B-00C04F79EFBC}") = "DIVALib", "DIVALib\DIVALib.csproj", "{0777CD4F-2D6B-4E46-9F55-EC4DCC1AB59B}"
EndProject
Project("{FAE04EC0-301F-11D3-BF4B-00C04F79EFBC}") = "FarcPack", "FarcPack\FarcPack.csproj", "{5614B568-F303-4293-8F45-51EF0BE1BE42}"
EndProject
Project("{FAE04EC0-301F-11D3-BF4B-00C04F79EFBC}") = "DBTools", "DBTools\DBTools.csproj", "{0BCD4758-560D-40A4-A600-28FB78EE8526}"
EndProject
Project("{FAE04EC0-301F-11D3-BF4B-00C04F79EFBC}") = "A3DA2XML", "A3DA2XML\A3DA2XML.csproj", "{831E66A4-CE9C-4475-A18F-83F81383B4B3}"
EndProject
Project("{FAE04EC0-301F-11D3-BF4B-00C04F79EFBC}") = "FDSC", "FDSC\FDSC.csproj", "{E57E1C7E-181B-4C4A-A20C-5EF35E90B518}"
EndProject
Project("{FAE04EC0-301F-11D3-BF4B-00C04F79EFBC}") = "TXP2DDS", "TXP2DDS\TXP2DDS.csproj", "{F1549705-80DE-46D5-B12F-38D991C11AF1}"
EndProject
Project("{FAE04EC0-301F-11D3-BF4B-00C04F79EFBC}") = "MOT_EDITOR", "MOT_EDITOR\MOT_EDITOR.csproj", "{D2C483B2-B54A-444B-BD73-4C795FA1ACCA}"
EndProject
Global
	GlobalSection(SolutionConfigurationPlatforms) = preSolution
		Debug|Any CPU = Debug|Any CPU
		Debug|x86 = Debug|x86
		Release|Any CPU = Release|Any CPU
		Release|x86 = Release|x86
	EndGlobalSection
	GlobalSection(ProjectConfigurationPlatforms) = postSolution
		{0777CD4F-2D6B-4E46-9F55-EC4DCC1AB59B}.Debug|Any CPU.ActiveCfg = Debug|Any CPU
		{0777CD4F-2D6B-4E46-9F55-EC4DCC1AB59B}.Debug|Any CPU.Build.0 = Debug|Any CPU
		{0777CD4F-2D6B-4E46-9F55-EC4DCC1AB59B}.Debug|x86.ActiveCfg = Debug|Any CPU
		{0777CD4F-2D6B-4E46-9F55-EC4DCC1AB59B}.Debug|x86.Build.0 = Debug|Any CPU
		{0777CD4F-2D6B-4E46-9F55-EC4DCC1AB59B}.Release|Any CPU.ActiveCfg = Release|Any CPU
		{0777CD4F-2D6B-4E46-9F55-EC4DCC1AB59B}.Release|Any CPU.Build.0 = Release|Any CPU
		{0777CD4F-2D6B-4E46-9F55-EC4DCC1AB59B}.Release|x86.ActiveCfg = Release|Any CPU
		{0777CD4F-2D6B-4E46-9F55-EC4DCC1AB59B}.Release|x86.Build.0 = Release|Any CPU
		{5614B568-F303-4293-8F45-51EF0BE1BE42}.Debug|Any CPU.ActiveCfg = Debug|Any CPU
		{5614B568-F303-4293-8F45-51EF0BE1BE42}.Debug|Any CPU.Build.0 = Debug|Any CPU
		{5614B568-F303-4293-8F45-51EF0BE1BE42}.Debug|x86.ActiveCfg = Debug|Any CPU
		{5614B568-F303-4293-8F45-51EF0BE1BE42}.Debug|x86.Build.0 = Debug|Any CPU
		{5614B568-F303-4293-8F45-51EF0BE1BE42}.Release|Any CPU.ActiveCfg = Release|Any CPU
		{5614B568-F303-4293-8F45-51EF0BE1BE42}.Release|Any CPU.Build.0 = Release|Any CPU
		{5614B568-F303-4293-8F45-51EF0BE1BE42}.Release|x86.ActiveCfg = Release|Any CPU
		{5614B568-F303-4293-8F45-51EF0BE1BE42}.Release|x86.Build.0 = Release|Any CPU
		{0BCD4758-560D-40A4-A600-28FB78EE8526}.Debug|Any CPU.ActiveCfg = Debug|Any CPU
		{0BCD4758-560D-40A4-A600-28FB78EE8526}.Debug|Any CPU.Build.0 = Debug|Any CPU
		{0BCD4758-560D-40A4-A600-28FB78EE8526}.Debug|x86.ActiveCfg = Debug|Any CPU
		{0BCD4758-560D-40A4-A600-28FB78EE8526}.Debug|x86.Build.0 = Debug|Any CPU
		{0BCD4758-560D-40A4-A600-28FB78EE8526}.Release|Any CPU.ActiveCfg = Release|Any CPU
		{0BCD4758-560D-40A4-A600-28FB78EE8526}.Release|Any CPU.Build.0 = Release|Any CPU
		{0BCD4758-560D-40A4-A600-28FB78EE8526}.Release|x86.ActiveCfg = Release|Any CPU
		{0BCD4758-560D-40A4-A600-28FB78EE8526}.Release|x86.Build.0 = Release|Any CPU
		{831E66A4-CE9C-4475-A18F-83F81383B4B3}.Debug|Any CPU.ActiveCfg = Debug|x86
		{831E66A4-CE9C-4475-A18F-83F81383B4B3}.Debug|Any CPU.Build.0 = Debug|x86
		{831E66A4-CE9C-4475-A18F-83F81383B4B3}.Debug|x86.ActiveCfg = Debug|x86
		{831E66A4-CE9C-4475-A18F-83F81383B4B3}.Debug|x86.Build.0 = Debug|x86
		{831E66A4-CE9C-4475-A18F-83F81383B4B3}.Release|Any CPU.ActiveCfg = Release|x86
		{831E66A4-CE9C-4475-A18F-83F81383B4B3}.Release|x86.ActiveCfg = Release|x86
		{831E66A4-CE9C-4475-A18F-83F81383B4B3}.Release|x86.Build.0 = Release|x86
		{E57E1C7E-181B-4C4A-A20C-5EF35E90B518}.Debug|Any CPU.ActiveCfg = Debug|Any CPU
		{E57E1C7E-181B-4C4A-A20C-5EF35E90B518}.Debug|Any CPU.Build.0 = Debug|Any CPU
		{E57E1C7E-181B-4C4A-A20C-5EF35E90B518}.Debug|x86.ActiveCfg = Debug|Any CPU
		{E57E1C7E-181B-4C4A-A20C-5EF35E90B518}.Debug|x86.Build.0 = Debug|Any CPU
		{E57E1C7E-181B-4C4A-A20C-5EF35E90B518}.Release|Any CPU.ActiveCfg = Release|Any CPU
		{E57E1C7E-181B-4C4A-A20C-5EF35E90B518}.Release|Any CPU.Build.0 = Release|Any CPU
		{E57E1C7E-181B-4C4A-A20C-5EF35E90B518}.Release|x86.ActiveCfg = Release|Any CPU
		{E57E1C7E-181B-4C4A-A20C-5EF35E90B518}.Release|x86.Build.0 = Release|Any CPU
		{F1549705-80DE-46D5-B12F-38D991C11AF1}.Debug|Any CPU.ActiveCfg = Debug|Any CPU
		{F1549705-80DE-46D5-B12F-38D991C11AF1}.Debug|Any CPU.Build.0 = Debug|Any CPU
		{F1549705-80DE-46D5-B12F-38D991C11AF1}.Debug|x86.ActiveCfg = Debug|Any CPU
		{F1549705-80DE-46D5-B12F-38D991C11AF1}.Debug|x86.Build.0 = Debug|Any CPU
		{F1549705-80DE-46D5-B12F-38D991C11AF1}.Release|Any CPU.ActiveCfg = Release|Any CPU
		{F1549705-80DE-46D5-B12F-38D991C11AF1}.Release|Any CPU.Build.0 = Release|Any CPU
		{F1549705-80DE-46D5-B12F-38D991C11AF1}.Release|x86.ActiveCfg = Release|Any CPU
		{F1549705-80DE-46D5-B12F-38D991C11AF1}.Release|x86.Build.0 = Release|Any CPU
		{D2C483B2-B54A-444B-BD73-4C795FA1ACCA}.Debug|Any CPU.ActiveCfg = Debug|Any CPU
		{D2C483B2-B54A-444B-BD73-4C795FA1ACCA}.Debug|Any CPU.Build.0 = Debug|Any CPU
		{D2C483B2-B54A-444B-BD73-4C795FA1ACCA}.Debug|x86.ActiveCfg = Debug|Any CPU
		{D2C483B2-B54A-444B-BD73-4C795FA1ACCA}.Debug|x86.Build.0 = Debug|Any CPU
		{D2C483B2-B54A-444B-BD73-4C795FA1ACCA}.Release|Any CPU.ActiveCfg = Release|Any CPU
		{D2C483B2-B54A-444B-BD73-4C795FA1ACCA}.Release|Any CPU.Build.0 = Release|Any CPU
		{D2C483B2-B54A-444B-BD73-4C795FA1ACCA}.Release|x86.ActiveCfg = Release|Any CPU
		{D2C483B2-B54A-444B-BD73-4C795FA1ACCA}.Release|x86.Build.0 = Release|Any CPU
	EndGlobalSection
	GlobalSection(SolutionProperties) = preSolution
		HideSolutionNode = FALSE
	EndGlobalSection
	GlobalSection(ExtensibilityGlobals) = postSolution
		SolutionGuid = {D40CBBBF-0FC0-496B-83DD-167BA6588125}
	EndGlobalSection
EndGlobal
